
Microsoft Visual Studio Solution File, Format Version 12.00
# Visual Studio 15
VisualStudioVersion = 15.0.28307.329
MinimumVisualStudioVersion = 10.0.40219.1
Project("{FAE04EC0-301F-11D3-BF4B-00C04F79EFBC}") = "Electrical note book", "Electrical note book\Electrical note book.csproj", "{0B2EBDDF-2DAF-4A77-B1A1-E8C87C5282CA}"
EndProject
Project("{FAE04EC0-301F-11D3-BF4B-00C04F79EFBC}") = "LaP", "LaP\LaP.csproj", "{89337D8B-EB3D-4C67-B4F8-99245DA2C233}"
EndProject
Project("{FAE04EC0-301F-11D3-BF4B-00C04F79EFBC}") = "ENBmodelLibrary", "ENBmodelLibrary\ENBmodelLibrary.csproj", "{5698F559-D421-4673-A715-B5F7D9E91867}"
EndProject
Global
	GlobalSection(SolutionConfigurationPlatforms) = preSolution
		Debug|Any CPU = Debug|Any CPU
		Release|Any CPU = Release|Any CPU
	EndGlobalSection
	GlobalSection(ProjectConfigurationPlatforms) = postSolution
		{0B2EBDDF-2DAF-4A77-B1A1-E8C87C5282CA}.Debug|Any CPU.ActiveCfg = Debug|Any CPU
		{0B2EBDDF-2DAF-4A77-B1A1-E8C87C5282CA}.Debug|Any CPU.Build.0 = Debug|Any CPU
		{0B2EBDDF-2DAF-4A77-B1A1-E8C87C5282CA}.Release|Any CPU.ActiveCfg = Release|Any CPU
		{0B2EBDDF-2DAF-4A77-B1A1-E8C87C5282CA}.Release|Any CPU.Build.0 = Release|Any CPU
		{89337D8B-EB3D-4C67-B4F8-99245DA2C233}.Debug|Any CPU.ActiveCfg = Debug|Any CPU
		{89337D8B-EB3D-4C67-B4F8-99245DA2C233}.Debug|Any CPU.Build.0 = Debug|Any CPU
		{89337D8B-EB3D-4C67-B4F8-99245DA2C233}.Release|Any CPU.ActiveCfg = Release|Any CPU
		{89337D8B-EB3D-4C67-B4F8-99245DA2C233}.Release|Any CPU.Build.0 = Release|Any CPU
		{5698F559-D421-4673-A715-B5F7D9E91867}.Debug|Any CPU.ActiveCfg = Debug|Any CPU
		{5698F559-D421-4673-A715-B5F7D9E91867}.Debug|Any CPU.Build.0 = Debug|Any CPU
		{5698F559-D421-4673-A715-B5F7D9E91867}.Release|Any CPU.ActiveCfg = Release|Any CPU
		{5698F559-D421-4673-A715-B5F7D9E91867}.Release|Any CPU.Build.0 = Release|Any CPU
	EndGlobalSection
	GlobalSection(SolutionProperties) = preSolution
		HideSolutionNode = FALSE
	EndGlobalSection
	GlobalSection(ExtensibilityGlobals) = postSolution
		SolutionGuid = {6B664E8E-098E-4315-85F6-6824B7D07030}
	EndGlobalSection
EndGlobal
